
Microsoft Visual Studio Solution File, Format Version 12.00
# Visual Studio 15
VisualStudioVersion = 15.0.25807.0
MinimumVisualStudioVersion = 10.0.40219.1
Project("{FAE04EC0-301F-11D3-BF4B-00C04F79EFBC}") = "Pathy", "Pathy\Pathy.csproj", "{62EB0B7C-6CAA-45DF-83B1-23D5F1920140}"
EndProject
Project("{FAE04EC0-301F-11D3-BF4B-00C04F79EFBC}") = "HardlinkDirectory", "HardlinkDirectory\HardlinkDirectory.csproj", "{99EB3F16-1911-47E2-BD3E-48EF4E684975}"
EndProject
Project("{FAE04EC0-301F-11D3-BF4B-00C04F79EFBC}") = "Pathy.Tests", "Pathy.Tests\Pathy.Tests.csproj", "{AF90D68D-9FEE-48B2-85BF-F1D68BAC575E}"
EndProject
Project("{2150E333-8FDC-42A3-9474-1A3956D46DE8}") = "Solution Items", "Solution Items", "{361CDFEC-B72A-4E68-BEDA-41A1A803AC59}"
	ProjectSection(SolutionItems) = preProject
		ReadMe.md = ReadMe.md
	EndProjectSection
EndProject
Global
	GlobalSection(SolutionConfigurationPlatforms) = preSolution
		Debug|Any CPU = Debug|Any CPU
		Release|Any CPU = Release|Any CPU
	EndGlobalSection
	GlobalSection(ProjectConfigurationPlatforms) = postSolution
		{62EB0B7C-6CAA-45DF-83B1-23D5F1920140}.Debug|Any CPU.ActiveCfg = Debug|Any CPU
		{62EB0B7C-6CAA-45DF-83B1-23D5F1920140}.Debug|Any CPU.Build.0 = Debug|Any CPU
		{62EB0B7C-6CAA-45DF-83B1-23D5F1920140}.Release|Any CPU.ActiveCfg = Release|Any CPU
		{62EB0B7C-6CAA-45DF-83B1-23D5F1920140}.Release|Any CPU.Build.0 = Release|Any CPU
		{99EB3F16-1911-47E2-BD3E-48EF4E684975}.Debug|Any CPU.ActiveCfg = Debug|Any CPU
		{99EB3F16-1911-47E2-BD3E-48EF4E684975}.Debug|Any CPU.Build.0 = Debug|Any CPU
		{99EB3F16-1911-47E2-BD3E-48EF4E684975}.Release|Any CPU.ActiveCfg = Release|Any CPU
		{99EB3F16-1911-47E2-BD3E-48EF4E684975}.Release|Any CPU.Build.0 = Release|Any CPU
		{AF90D68D-9FEE-48B2-85BF-F1D68BAC575E}.Debug|Any CPU.ActiveCfg = Debug|Any CPU
		{AF90D68D-9FEE-48B2-85BF-F1D68BAC575E}.Debug|Any CPU.Build.0 = Debug|Any CPU
		{AF90D68D-9FEE-48B2-85BF-F1D68BAC575E}.Release|Any CPU.ActiveCfg = Release|Any CPU
		{AF90D68D-9FEE-48B2-85BF-F1D68BAC575E}.Release|Any CPU.Build.0 = Release|Any CPU
	EndGlobalSection
	GlobalSection(SolutionProperties) = preSolution
		HideSolutionNode = FALSE
	EndGlobalSection
EndGlobal
